
Microsoft Visual Studio Solution File, Format Version 12.00
# Visual Studio Version 16
VisualStudioVersion = 16.0.30204.135
MinimumVisualStudioVersion = 10.0.40219.1
Project("{FAE04EC0-301F-11D3-BF4B-00C04F79EFBC}") = "NorthWindApiDemo", "NorthWindApiDemo\NorthWindApiDemo.csproj", "{99AEB55E-70C0-488E-A88F-02FEDFB60DC8}"
EndProject
Global
	GlobalSection(SolutionConfigurationPlatforms) = preSolution
		Debug|Any CPU = Debug|Any CPU
		Release|Any CPU = Release|Any CPU
	EndGlobalSection
	GlobalSection(ProjectConfigurationPlatforms) = postSolution
		{99AEB55E-70C0-488E-A88F-02FEDFB60DC8}.Debug|Any CPU.ActiveCfg = Debug|Any CPU
		{99AEB55E-70C0-488E-A88F-02FEDFB60DC8}.Debug|Any CPU.Build.0 = Debug|Any CPU
		{99AEB55E-70C0-488E-A88F-02FEDFB60DC8}.Release|Any CPU.ActiveCfg = Release|Any CPU
		{99AEB55E-70C0-488E-A88F-02FEDFB60DC8}.Release|Any CPU.Build.0 = Release|Any CPU
	EndGlobalSection
	GlobalSection(SolutionProperties) = preSolution
		HideSolutionNode = FALSE
	EndGlobalSection
	GlobalSection(ExtensibilityGlobals) = postSolution
		SolutionGuid = {158DAC38-675B-4DF1-B962-664C44EC0E33}
	EndGlobalSection
EndGlobal
